
Microsoft Visual Studio Solution File, Format Version 12.00
# Visual Studio 14
VisualStudioVersion = 14.0.23107.0
MinimumVisualStudioVersion = 10.0.40219.1
Project("{FAE04EC0-301F-11D3-BF4B-00C04F79EFBC}") = "Xamarin.Samples.Android", "Xamarin.Samples.Android\Xamarin.Samples.Android.csproj", "{3FB7A634-41AA-43BD-BE6F-9EF65DD42713}"
EndProject
Project("{FAE04EC0-301F-11D3-BF4B-00C04F79EFBC}") = "Xamarin.Samples.Core", "Xamarin.Samples.Core\Xamarin.Samples.Core.csproj", "{F7EAA255-2C54-4A55-AAB1-1F8D5CE51C0B}"
EndProject
Global
	GlobalSection(SolutionConfigurationPlatforms) = preSolution
		Debug|Any CPU = Debug|Any CPU
		Release|Any CPU = Release|Any CPU
	EndGlobalSection
	GlobalSection(ProjectConfigurationPlatforms) = postSolution
		{3FB7A634-41AA-43BD-BE6F-9EF65DD42713}.Debug|Any CPU.ActiveCfg = Debug|Any CPU
		{3FB7A634-41AA-43BD-BE6F-9EF65DD42713}.Debug|Any CPU.Build.0 = Debug|Any CPU
		{3FB7A634-41AA-43BD-BE6F-9EF65DD42713}.Debug|Any CPU.Deploy.0 = Debug|Any CPU
		{3FB7A634-41AA-43BD-BE6F-9EF65DD42713}.Release|Any CPU.ActiveCfg = Release|Any CPU
		{3FB7A634-41AA-43BD-BE6F-9EF65DD42713}.Release|Any CPU.Build.0 = Release|Any CPU
		{3FB7A634-41AA-43BD-BE6F-9EF65DD42713}.Release|Any CPU.Deploy.0 = Release|Any CPU
		{F7EAA255-2C54-4A55-AAB1-1F8D5CE51C0B}.Debug|Any CPU.ActiveCfg = Debug|Any CPU
		{F7EAA255-2C54-4A55-AAB1-1F8D5CE51C0B}.Debug|Any CPU.Build.0 = Debug|Any CPU
		{F7EAA255-2C54-4A55-AAB1-1F8D5CE51C0B}.Release|Any CPU.ActiveCfg = Release|Any CPU
		{F7EAA255-2C54-4A55-AAB1-1F8D5CE51C0B}.Release|Any CPU.Build.0 = Release|Any CPU
	EndGlobalSection
	GlobalSection(SolutionProperties) = preSolution
		HideSolutionNode = FALSE
	EndGlobalSection
EndGlobal
